// !$*UTF8*$!
{
	archiveVersion = 1;
	classes = {
	};
	objectVersion = 56;
	objects = {

/* Begin PBXBuildFile section */
		884343032AF9D36C00729C6C /* iOSQAApp.swift in Sources */ = {isa = PBXBuildFile; fileRef = 884343022AF9D36C00729C6C /* iOSQAApp.swift */; };
		884343052AF9D36C00729C6C /* ContentView.swift in Sources */ = {isa = PBXBuildFile; fileRef = 884343042AF9D36C00729C6C /* ContentView.swift */; };
		884343072AF9D36D00729C6C /* Assets.xcassets in Resources */ = {isa = PBXBuildFile; fileRef = 884343062AF9D36D00729C6C /* Assets.xcassets */; };
		8843430A2AF9D36D00729C6C /* Preview Assets.xcassets in Resources */ = {isa = PBXBuildFile; fileRef = 884343092AF9D36D00729C6C /* Preview Assets.xcassets */; };
		884343142AF9D36D00729C6C /* iOSQATests.swift in Sources */ = {isa = PBXBuildFile; fileRef = 884343132AF9D36D00729C6C /* iOSQATests.swift */; };
		8843431E2AF9D36D00729C6C /* iOSQAUITests.swift in Sources */ = {isa = PBXBuildFile; fileRef = 8843431D2AF9D36D00729C6C /* iOSQAUITests.swift */; };
		884343202AF9D36D00729C6C /* iOSQAUITestsLaunchTests.swift in Sources */ = {isa = PBXBuildFile; fileRef = 8843431F2AF9D36D00729C6C /* iOSQAUITestsLaunchTests.swift */; };
/* End PBXBuildFile section */

/* Begin PBXContainerItemProxy section */
		884343102AF9D36D00729C6C /* PBXContainerItemProxy */ = {
			isa = PBXContainerItemProxy;
			containerPortal = 884342F72AF9D36C00729C6C /* Project object */;
			proxyType = 1;
			remoteGlobalIDString = 884342FE2AF9D36C00729C6C;
			remoteInfo = iOSQA;
		};
		8843431A2AF9D36D00729C6C /* PBXContainerItemProxy */ = {
			isa = PBXContainerItemProxy;
			containerPortal = 884342F72AF9D36C00729C6C /* Project object */;
			proxyType = 1;
			remoteGlobalIDString = 884342FE2AF9D36C00729C6C;
			remoteInfo = iOSQA;
		};
/* End PBXContainerItemProxy section */

/* Begin PBXFileReference section */
		884342FF2AF9D36C00729C6C /* iOSQA.app */ = {isa = PBXFileReference; explicitFileType = wrapper.application; includeInIndex = 0; path = iOSQA.app; sourceTree = BUILT_PRODUCTS_DIR; };
		884343022AF9D36C00729C6C /* iOSQAApp.swift */ = {isa = PBXFileReference; lastKnownFileType = sourcecode.swift; path = iOSQAApp.swift; sourceTree = "<group>"; };
		884343042AF9D36C00729C6C /* ContentView.swift */ = {isa = PBXFileReference; lastKnownFileType = sourcecode.swift; path = ContentView.swift; sourceTree = "<group>"; };
		884343062AF9D36D00729C6C /* Assets.xcassets */ = {isa = PBXFileReference; lastKnownFileType = folder.assetcatalog; path = Assets.xcassets; sourceTree = "<group>"; };
		884343092AF9D36D00729C6C /* Preview Assets.xcassets */ = {isa = PBXFileReference; lastKnownFileType = folder.assetcatalog; path = "Preview Assets.xcassets"; sourceTree = "<group>"; };
		8843430F2AF9D36D00729C6C /* iOSQATests.xctest */ = {isa = PBXFileReference; explicitFileType = wrapper.cfbundle; includeInIndex = 0; path = iOSQATests.xctest; sourceTree = BUILT_PRODUCTS_DIR; };
		884343132AF9D36D00729C6C /* iOSQATests.swift */ = {isa = PBXFileReference; lastKnownFileType = sourcecode.swift; path = iOSQATests.swift; sourceTree = "<group>"; };
		884343192AF9D36D00729C6C /* iOSQAUITests.xctest */ = {isa = PBXFileReference; explicitFileType = wrapper.cfbundle; includeInIndex = 0; path = iOSQAUITests.xctest; sourceTree = BUILT_PRODUCTS_DIR; };
		8843431D2AF9D36D00729C6C /* iOSQAUITests.swift */ = {isa = PBXFileReference; lastKnownFileType = sourcecode.swift; path = iOSQAUITests.swift; sourceTree = "<group>"; };
		8843431F2AF9D36D00729C6C /* iOSQAUITestsLaunchTests.swift */ = {isa = PBXFileReference; lastKnownFileType = sourcecode.swift; path = iOSQAUITestsLaunchTests.swift; sourceTree = "<group>"; };
/* End PBXFileReference section */

/* Begin PBXFrameworksBuildPhase section */
		884342FC2AF9D36C00729C6C /* Frameworks */ = {
			isa = PBXFrameworksBuildPhase;
			buildActionMask = 2147483647;
			files = (
			);
			runOnlyForDeploymentPostprocessing = 0;
		};
		8843430C2AF9D36D00729C6C /* Frameworks */ = {
			isa = PBXFrameworksBuildPhase;
			buildActionMask = 2147483647;
			files = (
			);
			runOnlyForDeploymentPostprocessing = 0;
		};
		884343162AF9D36D00729C6C /* Frameworks */ = {
			isa = PBXFrameworksBuildPhase;
			buildActionMask = 2147483647;
			files = (
			);
			runOnlyForDeploymentPostprocessing = 0;
		};
/* End PBXFrameworksBuildPhase section */

/* Begin PBXGroup section */
		884342F62AF9D36C00729C6C = {
			isa = PBXGroup;
			children = (
				884343012AF9D36C00729C6C /* iOSQA */,
				884343122AF9D36D00729C6C /* iOSQATests */,
				8843431C2AF9D36D00729C6C /* iOSQAUITests */,
				884343002AF9D36C00729C6C /* Products */,
			);
			sourceTree = "<group>";
		};
		884343002AF9D36C00729C6C /* Products */ = {
			isa = PBXGroup;
			children = (
				884342FF2AF9D36C00729C6C /* iOSQA.app */,
				8843430F2AF9D36D00729C6C /* iOSQATests.xctest */,
				884343192AF9D36D00729C6C /* iOSQAUITests.xctest */,
			);
			name = Products;
			sourceTree = "<group>";
		};
		884343012AF9D36C00729C6C /* iOSQA */ = {
			isa = PBXGroup;
			children = (
				884343022AF9D36C00729C6C /* iOSQAApp.swift */,
				884343042AF9D36C00729C6C /* ContentView.swift */,
				884343062AF9D36D00729C6C /* Assets.xcassets */,
				884343082AF9D36D00729C6C /* Preview Content */,
			);
			path = iOSQA;
			sourceTree = "<group>";
		};
		884343082AF9D36D00729C6C /* Preview Content */ = {
			isa = PBXGroup;
			children = (
				884343092AF9D36D00729C6C /* Preview Assets.xcassets */,
			);
			path = "Preview Content";
			sourceTree = "<group>";
		};
		884343122AF9D36D00729C6C /* iOSQATests */ = {
			isa = PBXGroup;
			children = (
				884343132AF9D36D00729C6C /* iOSQATests.swift */,
			);
			path = iOSQATests;
			sourceTree = "<group>";
		};
		8843431C2AF9D36D00729C6C /* iOSQAUITests */ = {
			isa = PBXGroup;
			children = (
				8843431D2AF9D36D00729C6C /* iOSQAUITests.swift */,
				8843431F2AF9D36D00729C6C /* iOSQAUITestsLaunchTests.swift */,
			);
			path = iOSQAUITests;
			sourceTree = "<group>";
		};
/* End PBXGroup section */

/* Begin PBXNativeTarget section */
		884342FE2AF9D36C00729C6C /* iOSQA */ = {
			isa = PBXNativeTarget;
			buildConfigurationList = 884343232AF9D36D00729C6C /* Build configuration list for PBXNativeTarget "iOSQA" */;
			buildPhases = (
				884342FB2AF9D36C00729C6C /* Sources */,
				884342FC2AF9D36C00729C6C /* Frameworks */,
				884342FD2AF9D36C00729C6C /* Resources */,
			);
			buildRules = (
			);
			dependencies = (
			);
			name = iOSQA;
			productName = iOSQA;
			productReference = 884342FF2AF9D36C00729C6C /* iOSQA.app */;
			productType = "com.apple.product-type.application";
		};
		8843430E2AF9D36D00729C6C /* iOSQATests */ = {
			isa = PBXNativeTarget;
			buildConfigurationList = 884343262AF9D36D00729C6C /* Build configuration list for PBXNativeTarget "iOSQATests" */;
			buildPhases = (
				8843430B2AF9D36D00729C6C /* Sources */,
				8843430C2AF9D36D00729C6C /* Frameworks */,
				8843430D2AF9D36D00729C6C /* Resources */,
			);
			buildRules = (
			);
			dependencies = (
				884343112AF9D36D00729C6C /* PBXTargetDependency */,
			);
			name = iOSQATests;
			productName = iOSQATests;
			productReference = 8843430F2AF9D36D00729C6C /* iOSQATests.xctest */;
			productType = "com.apple.product-type.bundle.unit-test";
		};
		884343182AF9D36D00729C6C /* iOSQAUITests */ = {
			isa = PBXNativeTarget;
			buildConfigurationList = 884343292AF9D36D00729C6C /* Build configuration list for PBXNativeTarget "iOSQAUITests" */;
			buildPhases = (
				884343152AF9D36D00729C6C /* Sources */,
				884343162AF9D36D00729C6C /* Frameworks */,
				884343172AF9D36D00729C6C /* Resources */,
			);
			buildRules = (
			);
			dependencies = (
				8843431B2AF9D36D00729C6C /* PBXTargetDependency */,
			);
			name = iOSQAUITests;
			productName = iOSQAUITests;
			productReference = 884343192AF9D36D00729C6C /* iOSQAUITests.xctest */;
			productType = "com.apple.product-type.bundle.ui-testing";
		};
/* End PBXNativeTarget section */

/* Begin PBXProject section */
		884342F72AF9D36C00729C6C /* Project object */ = {
			isa = PBXProject;
			attributes = {
				BuildIndependentTargetsInParallel = 1;
				LastSwiftUpdateCheck = 1500;
				LastUpgradeCheck = 1500;
				TargetAttributes = {
					884342FE2AF9D36C00729C6C = {
						CreatedOnToolsVersion = 15.0.1;
					};
					8843430E2AF9D36D00729C6C = {
						CreatedOnToolsVersion = 15.0.1;
						TestTargetID = 884342FE2AF9D36C00729C6C;
					};
					884343182AF9D36D00729C6C = {
						CreatedOnToolsVersion = 15.0.1;
						TestTargetID = 884342FE2AF9D36C00729C6C;
					};
				};
			};
			buildConfigurationList = 884342FA2AF9D36C00729C6C /* Build configuration list for PBXProject "iOSQA" */;
			compatibilityVersion = "Xcode 14.0";
			developmentRegion = en;
			hasScannedForEncodings = 0;
			knownRegions = (
				en,
				Base,
			);
			mainGroup = 884342F62AF9D36C00729C6C;
			productRefGroup = 884343002AF9D36C00729C6C /* Products */;
			projectDirPath = "";
			projectRoot = "";
			targets = (
				884342FE2AF9D36C00729C6C /* iOSQA */,
				8843430E2AF9D36D00729C6C /* iOSQATests */,
				884343182AF9D36D00729C6C /* iOSQAUITests */,
			);
		};
/* End PBXProject section */

/* Begin PBXResourcesBuildPhase section */
		884342FD2AF9D36C00729C6C /* Resources */ = {
			isa = PBXResourcesBuildPhase;
			buildActionMask = 2147483647;
			files = (
				8843430A2AF9D36D00729C6C /* Preview Assets.xcassets in Resources */,
				884343072AF9D36D00729C6C /* Assets.xcassets in Resources */,
			);
			runOnlyForDeploymentPostprocessing = 0;
		};
		8843430D2AF9D36D00729C6C /* Resources */ = {
			isa = PBXResourcesBuildPhase;
			buildActionMask = 2147483647;
			files = (
			);
			runOnlyForDeploymentPostprocessing = 0;
		};
		884343172AF9D36D00729C6C /* Resources */ = {
			isa = PBXResourcesBuildPhase;
			buildActionMask = 2147483647;
			files = (
			);
			runOnlyForDeploymentPostprocessing = 0;
		};
/* End PBXResourcesBuildPhase section */

/* Begin PBXSourcesBuildPhase section */
		884342FB2AF9D36C00729C6C /* Sources */ = {
			isa = PBXSourcesBuildPhase;
			buildActionMask = 2147483647;
			files = (
				884343052AF9D36C00729C6C /* ContentView.swift in Sources */,
				884343032AF9D36C00729C6C /* iOSQAApp.swift in Sources */,
			);
			runOnlyForDeploymentPostprocessing = 0;
		};
		8843430B2AF9D36D00729C6C /* Sources */ = {
			isa = PBXSourcesBuildPhase;
			buildActionMask = 2147483647;
			files = (
				884343142AF9D36D00729C6C /* iOSQATests.swift in Sources */,
			);
			runOnlyForDeploymentPostprocessing = 0;
		};
		884343152AF9D36D00729C6C /* Sources */ = {
			isa = PBXSourcesBuildPhase;
			buildActionMask = 2147483647;
			files = (
				884343202AF9D36D00729C6C /* iOSQAUITestsLaunchTests.swift in Sources */,
				8843431E2AF9D36D00729C6C /* iOSQAUITests.swift in Sources */,
			);
			runOnlyForDeploymentPostprocessing = 0;
		};
/* End PBXSourcesBuildPhase section */

/* Begin PBXTargetDependency section */
		884343112AF9D36D00729C6C /* PBXTargetDependency */ = {
			isa = PBXTargetDependency;
			target = 884342FE2AF9D36C00729C6C /* iOSQA */;
			targetProxy = 884343102AF9D36D00729C6C /* PBXContainerItemProxy */;
		};
		8843431B2AF9D36D00729C6C /* PBXTargetDependency */ = {
			isa = PBXTargetDependency;
			target = 884342FE2AF9D36C00729C6C /* iOSQA */;
			targetProxy = 8843431A2AF9D36D00729C6C /* PBXContainerItemProxy */;
		};
/* End PBXTargetDependency section */

/* Begin XCBuildConfiguration section */
		884343212AF9D36D00729C6C /* Debug */ = {
			isa = XCBuildConfiguration;
			buildSettings = {
				ALWAYS_SEARCH_USER_PATHS = NO;
				ASSETCATALOG_COMPILER_GENERATE_SWIFT_ASSET_SYMBOL_EXTENSIONS = YES;
				CLANG_ANALYZER_NONNULL = YES;
				CLANG_ANALYZER_NUMBER_OBJECT_CONVERSION = YES_AGGRESSIVE;
				CLANG_CXX_LANGUAGE_STANDARD = "gnu++20";
				CLANG_ENABLE_MODULES = YES;
				CLANG_ENABLE_OBJC_ARC = YES;
				CLANG_ENABLE_OBJC_WEAK = YES;
				CLANG_WARN_BLOCK_CAPTURE_AUTORELEASING = YES;
				CLANG_WARN_BOOL_CONVERSION = YES;
				CLANG_WARN_COMMA = YES;
				CLANG_WARN_CONSTANT_CONVERSION = YES;
				CLANG_WARN_DEPRECATED_OBJC_IMPLEMENTATIONS = YES;
				CLANG_WARN_DIRECT_OBJC_ISA_USAGE = YES_ERROR;
				CLANG_WARN_DOCUMENTATION_COMMENTS = YES;
				CLANG_WARN_EMPTY_BODY = YES;
				CLANG_WARN_ENUM_CONVERSION = YES;
				CLANG_WARN_INFINITE_RECURSION = YES;
				CLANG_WARN_INT_CONVERSION = YES;
				CLANG_WARN_NON_LITERAL_NULL_CONVERSION = YES;
				CLANG_WARN_OBJC_IMPLICIT_RETAIN_SELF = YES;
				CLANG_WARN_OBJC_LITERAL_CONVERSION = YES;
				CLANG_WARN_OBJC_ROOT_CLASS = YES_ERROR;
				CLANG_WARN_QUOTED_INCLUDE_IN_FRAMEWORK_HEADER = YES;
				CLANG_WARN_RANGE_LOOP_ANALYSIS = YES;
				CLANG_WARN_STRICT_PROTOTYPES = YES;
				CLANG_WARN_SUSPICIOUS_MOVE = YES;
				CLANG_WARN_UNGUARDED_AVAILABILITY = YES_AGGRESSIVE;
				CLANG_WARN_UNREACHABLE_CODE = YES;
				CLANG_WARN__DUPLICATE_METHOD_MATCH = YES;
				COPY_PHASE_STRIP = NO;
				DEBUG_INFORMATION_FORMAT = dwarf;
				ENABLE_STRICT_OBJC_MSGSEND = YES;
				ENABLE_TESTABILITY = YES;
				ENABLE_USER_SCRIPT_SANDBOXING = YES;
				GCC_C_LANGUAGE_STANDARD = gnu17;
				GCC_DYNAMIC_NO_PIC = NO;
				GCC_NO_COMMON_BLOCKS = YES;
				GCC_OPTIMIZATION_LEVEL = 0;
				GCC_PREPROCESSOR_DEFINITIONS = (
					"DEBUG=1",
					"$(inherited)",
				);
				GCC_WARN_64_TO_32_BIT_CONVERSION = YES;
				GCC_WARN_ABOUT_RETURN_TYPE = YES_ERROR;
				GCC_WARN_UNDECLARED_SELECTOR = YES;
				GCC_WARN_UNINITIALIZED_AUTOS = YES_AGGRESSIVE;
				GCC_WARN_UNUSED_FUNCTION = YES;
				GCC_WARN_UNUSED_VARIABLE = YES;
				IPHONEOS_DEPLOYMENT_TARGET = 17.0;
				LOCALIZATION_PREFERS_STRING_CATALOGS = YES;
				MTL_ENABLE_DEBUG_INFO = INCLUDE_SOURCE;
				MTL_FAST_MATH = YES;
				ONLY_ACTIVE_ARCH = YES;
				SDKROOT = iphoneos;
				SWIFT_ACTIVE_COMPILATION_CONDITIONS = "DEBUG $(inherited)";
				SWIFT_OPTIMIZATION_LEVEL = "-Onone";
			};
			name = Debug;
		};
		884343222AF9D36D00729C6C /* Release */ = {
			isa = XCBuildConfiguration;
			buildSettings = {
				ALWAYS_SEARCH_USER_PATHS = NO;
				ASSETCATALOG_COMPILER_GENERATE_SWIFT_ASSET_SYMBOL_EXTENSIONS = YES;
				CLANG_ANALYZER_NONNULL = YES;
				CLANG_ANALYZER_NUMBER_OBJECT_CONVERSION = YES_AGGRESSIVE;
				CLANG_CXX_LANGUAGE_STANDARD = "gnu++20";
				CLANG_ENABLE_MODULES = YES;
				CLANG_ENABLE_OBJC_ARC = YES;
				CLANG_ENABLE_OBJC_WEAK = YES;
				CLANG_WARN_BLOCK_CAPTURE_AUTORELEASING = YES;
				CLANG_WARN_BOOL_CONVERSION = YES;
				CLANG_WARN_COMMA = YES;
				CLANG_WARN_CONSTANT_CONVERSION = YES;
				CLANG_WARN_DEPRECATED_OBJC_IMPLEMENTATIONS = YES;
				CLANG_WARN_DIRECT_OBJC_ISA_USAGE = YES_ERROR;
				CLANG_WARN_DOCUMENTATION_COMMENTS = YES;
				CLANG_WARN_EMPTY_BODY = YES;
				CLANG_WARN_ENUM_CONVERSION = YES;
				CLANG_WARN_INFINITE_RECURSION = YES;
				CLANG_WARN_INT_CONVERSION = YES;
				CLANG_WARN_NON_LITERAL_NULL_CONVERSION = YES;
				CLANG_WARN_OBJC_IMPLICIT_RETAIN_SELF = YES;
				CLANG_WARN_OBJC_LITERAL_CONVERSION = YES;
				CLANG_WARN_OBJC_ROOT_CLASS = YES_ERROR;
				CLANG_WARN_QUOTED_INCLUDE_IN_FRAMEWORK_HEADER = YES;
				CLANG_WARN_RANGE_LOOP_ANALYSIS = YES;
				CLANG_WARN_STRICT_PROTOTYPES = YES;
				CLANG_WARN_SUSPICIOUS_MOVE = YES;
				CLANG_WARN_UNGUARDED_AVAILABILITY = YES_AGGRESSIVE;
				CLANG_WARN_UNREACHABLE_CODE = YES;
				CLANG_WARN__DUPLICATE_METHOD_MATCH = YES;
				COPY_PHASE_STRIP = NO;
				DEBUG_INFORMATION_FORMAT = "dwarf-with-dsym";
				ENABLE_NS_ASSERTIONS = NO;
				ENABLE_STRICT_OBJC_MSGSEND = YES;
				ENABLE_USER_SCRIPT_SANDBOXING = YES;
				GCC_C_LANGUAGE_STANDARD = gnu17;
				GCC_NO_COMMON_BLOCKS = YES;
				GCC_WARN_64_TO_32_BIT_CONVERSION = YES;
				GCC_WARN_ABOUT_RETURN_TYPE = YES_ERROR;
				GCC_WARN_UNDECLARED_SELECTOR = YES;
				GCC_WARN_UNINITIALIZED_AUTOS = YES_AGGRESSIVE;
				GCC_WARN_UNUSED_FUNCTION = YES;
				GCC_WARN_UNUSED_VARIABLE = YES;
				IPHONEOS_DEPLOYMENT_TARGET = 17.0;
				LOCALIZATION_PREFERS_STRING_CATALOGS = YES;
				MTL_ENABLE_DEBUG_INFO = NO;
				MTL_FAST_MATH = YES;
				SDKROOT = iphoneos;
				SWIFT_COMPILATION_MODE = wholemodule;
				VALIDATE_PRODUCT = YES;
			};
			name = Release;
		};
		884343242AF9D36D00729C6C /* Debug */ = {
			isa = XCBuildConfiguration;
			buildSettings = {
				ASSETCATALOG_COMPILER_APPICON_NAME = AppIcon;
				ASSETCATALOG_COMPILER_GLOBAL_ACCENT_COLOR_NAME = AccentColor;
				CODE_SIGN_STYLE = Automatic;
				CURRENT_PROJECT_VERSION = 1;
				DEVELOPMENT_ASSET_PATHS = "\"iOSQA/Preview Content\"";
				DEVELOPMENT_TEAM = T42PX4Y8V8;
				ENABLE_PREVIEWS = YES;
				GENERATE_INFOPLIST_FILE = YES;
				INFOPLIST_KEY_UIApplicationSceneManifest_Generation = YES;
				INFOPLIST_KEY_UIApplicationSupportsIndirectInputEvents = YES;
				INFOPLIST_KEY_UILaunchScreen_Generation = YES;
				INFOPLIST_KEY_UISupportedInterfaceOrientations_iPad = "UIInterfaceOrientationPortrait UIInterfaceOrientationPortraitUpsideDown UIInterfaceOrientationLandscapeLeft UIInterfaceOrientationLandscapeRight";
				INFOPLIST_KEY_UISupportedInterfaceOrientations_iPhone = "UIInterfaceOrientationPortrait UIInterfaceOrientationLandscapeLeft UIInterfaceOrientationLandscapeRight";
				LD_RUNPATH_SEARCH_PATHS = (
					"$(inherited)",
					"@executable_path/Frameworks",
				);
				MARKETING_VERSION = 1.0;
				PRODUCT_BUNDLE_IDENTIFIER = henryz.iOSQA;
				PRODUCT_NAME = "$(TARGET_NAME)";
				SWIFT_EMIT_LOC_STRINGS = YES;
				SWIFT_VERSION = 5.0;
				TARGETED_DEVICE_FAMILY = "1,2";
			};
			name = Debug;
		};
		884343252AF9D36D00729C6C /* Release */ = {
			isa = XCBuildConfiguration;
			buildSettings = {
				ASSETCATALOG_COMPILER_APPICON_NAME = AppIcon;
				ASSETCATALOG_COMPILER_GLOBAL_ACCENT_COLOR_NAME = AccentColor;
				CODE_SIGN_STYLE = Automatic;
				CURRENT_PROJECT_VERSION = 1;
				DEVELOPMENT_ASSET_PATHS = "\"iOSQA/Preview Content\"";
				DEVELOPMENT_TEAM = T42PX4Y8V8;
				ENABLE_PREVIEWS = YES;
				GENERATE_INFOPLIST_FILE = YES;
				INFOPLIST_KEY_UIApplicationSceneManifest_Generation = YES;
				INFOPLIST_KEY_UIApplicationSupportsIndirectInputEvents = YES;
				INFOPLIST_KEY_UILaunchScreen_Generation = YES;
				INFOPLIST_KEY_UISupportedInterfaceOrientations_iPad = "UIInterfaceOrientationPortrait UIInterfaceOrientationPortraitUpsideDown UIInterfaceOrientationLandscapeLeft UIInterfaceOrientationLandscapeRight";
				INFOPLIST_KEY_UISupportedInterfaceOrientations_iPhone = "UIInterfaceOrientationPortrait UIInterfaceOrientationLandscapeLeft UIInterfaceOrientationLandscapeRight";
				LD_RUNPATH_SEARCH_PATHS = (
					"$(inherited)",
					"@executable_path/Frameworks",
				);
				MARKETING_VERSION = 1.0;
				PRODUCT_BUNDLE_IDENTIFIER = henryz.iOSQA;
				PRODUCT_NAME = "$(TARGET_NAME)";
				SWIFT_EMIT_LOC_STRINGS = YES;
				SWIFT_VERSION = 5.0;
				TARGETED_DEVICE_FAMILY = "1,2";
			};
			name = Release;
		};
		884343272AF9D36D00729C6C /* Debug */ = {
			isa = XCBuildConfiguration;
			buildSettings = {
				ALWAYS_EMBED_SWIFT_STANDARD_LIBRARIES = YES;
				BUNDLE_LOADER = "$(TEST_HOST)";
				CODE_SIGN_STYLE = Automatic;
				CURRENT_PROJECT_VERSION = 1;
				DEVELOPMENT_TEAM = T42PX4Y8V8;
				GENERATE_INFOPLIST_FILE = YES;
				IPHONEOS_DEPLOYMENT_TARGET = 17.0;
				MARKETING_VERSION = 1.0;
				PRODUCT_BUNDLE_IDENTIFIER = henryz.iOSQATests;
				PRODUCT_NAME = "$(TARGET_NAME)";
				SWIFT_EMIT_LOC_STRINGS = NO;
				SWIFT_VERSION = 5.0;
				TARGETED_DEVICE_FAMILY = "1,2";
				TEST_HOST = "$(BUILT_PRODUCTS_DIR)/iOSQA.app/$(BUNDLE_EXECUTABLE_FOLDER_PATH)/iOSQA";
			};
			name = Debug;
		};
		884343282AF9D36D00729C6C /* Release */ = {
			isa = XCBuildConfiguration;
			buildSettings = {
				ALWAYS_EMBED_SWIFT_STANDARD_LIBRARIES = YES;
				BUNDLE_LOADER = "$(TEST_HOST)";
				CODE_SIGN_STYLE = Automatic;
				CURRENT_PROJECT_VERSION = 1;
				DEVELOPMENT_TEAM = T42PX4Y8V8;
				GENERATE_INFOPLIST_FILE = YES;
				IPHONEOS_DEPLOYMENT_TARGET = 17.0;
				MARKETING_VERSION = 1.0;
				PRODUCT_BUNDLE_IDENTIFIER = henryz.iOSQATests;
				PRODUCT_NAME = "$(TARGET_NAME)";
				SWIFT_EMIT_LOC_STRINGS = NO;
				SWIFT_VERSION = 5.0;
				TARGETED_DEVICE_FAMILY = "1,2";
				TEST_HOST = "$(BUILT_PRODUCTS_DIR)/iOSQA.app/$(BUNDLE_EXECUTABLE_FOLDER_PATH)/iOSQA";
			};
			name = Release;
		};
		8843432A2AF9D36D00729C6C /* Debug */ = {
			isa = XCBuildConfiguration;
			buildSettings = {
				ALWAYS_EMBED_SWIFT_STANDARD_LIBRARIES = YES;
				CODE_SIGN_STYLE = Automatic;
				CURRENT_PROJECT_VERSION = 1;
				DEVELOPMENT_TEAM = T42PX4Y8V8;
				GENERATE_INFOPLIST_FILE = YES;
				MARKETING_VERSION = 1.0;
				PRODUCT_BUNDLE_IDENTIFIER = henryz.iOSQAUITests;
				PRODUCT_NAME = "$(TARGET_NAME)";
				SWIFT_EMIT_LOC_STRINGS = NO;
				SWIFT_VERSION = 5.0;
				TARGETED_DEVICE_FAMILY = "1,2";
				TEST_TARGET_NAME = iOSQA;
			};
			name = Debug;
		};
		8843432B2AF9D36D00729C6C /* Release */ = {
			isa = XCBuildConfiguration;
			buildSettings = {
				ALWAYS_EMBED_SWIFT_STANDARD_LIBRARIES = YES;
				CODE_SIGN_STYLE = Automatic;
				CURRENT_PROJECT_VERSION = 1;
				DEVELOPMENT_TEAM = T42PX4Y8V8;
				GENERATE_INFOPLIST_FILE = YES;
				MARKETING_VERSION = 1.0;
				PRODUCT_BUNDLE_IDENTIFIER = henryz.iOSQAUITests;
				PRODUCT_NAME = "$(TARGET_NAME)";
				SWIFT_EMIT_LOC_STRINGS = NO;
				SWIFT_VERSION = 5.0;
				TARGETED_DEVICE_FAMILY = "1,2";
				TEST_TARGET_NAME = iOSQA;
			};
			name = Release;
		};
/* End XCBuildConfiguration section */

/* Begin XCConfigurationList section */
		884342FA2AF9D36C00729C6C /* Build configuration list for PBXProject "iOSQA" */ = {
			isa = XCConfigurationList;
			buildConfigurations = (
				884343212AF9D36D00729C6C /* Debug */,
				884343222AF9D36D00729C6C /* Release */,
			);
			defaultConfigurationIsVisible = 0;
			defaultConfigurationName = Release;
		};
		884343232AF9D36D00729C6C /* Build configuration list for PBXNativeTarget "iOSQA" */ = {
			isa = XCConfigurationList;
			buildConfigurations = (
				884343242AF9D36D00729C6C /* Debug */,
				884343252AF9D36D00729C6C /* Release */,
			);
			defaultConfigurationIsVisible = 0;
			defaultConfigurationName = Release;
		};
		884343262AF9D36D00729C6C /* Build configuration list for PBXNativeTarget "iOSQATests" */ = {
			isa = XCConfigurationList;
			buildConfigurations = (
				884343272AF9D36D00729C6C /* Debug */,
				884343282AF9D36D00729C6C /* Release */,
			);
			defaultConfigurationIsVisible = 0;
			defaultConfigurationName = Release;
		};
		884343292AF9D36D00729C6C /* Build configuration list for PBXNativeTarget "iOSQAUITests" */ = {
			isa = XCConfigurationList;
			buildConfigurations = (
				8843432A2AF9D36D00729C6C /* Debug */,
				8843432B2AF9D36D00729C6C /* Release */,
			);
			defaultConfigurationIsVisible = 0;
			defaultConfigurationName = Release;
		};
/* End XCConfigurationList section */
	};
	rootObject = 884342F72AF9D36C00729C6C /* Project object */;
}
